// !$*UTF8*$!
{
	archiveVersion = 1;
	classes = {
	};
	objectVersion = 46;
	objects = {

/* Begin PBXBuildFile section */
		3A18CA2F1D10596400EFB8DC /* AppDelegate.swift in Sources */ = {isa = PBXBuildFile; fileRef = 3A18CA2E1D10596400EFB8DC /* AppDelegate.swift */; };
		3A18CA311D10596400EFB8DC /* ViewController.swift in Sources */ = {isa = PBXBuildFile; fileRef = 3A18CA301D10596400EFB8DC /* ViewController.swift */; };
		3A18CA341D10596400EFB8DC /* Main.storyboard in Resources */ = {isa = PBXBuildFile; fileRef = 3A18CA321D10596400EFB8DC /* Main.storyboard */; };
		3A18CA361D10596400EFB8DC /* Assets.xcassets in Resources */ = {isa = PBXBuildFile; fileRef = 3A18CA351D10596400EFB8DC /* Assets.xcassets */; };
		3A18CA391D10596400EFB8DC /* LaunchScreen.storyboard in Resources */ = {isa = PBXBuildFile; fileRef = 3A18CA371D10596400EFB8DC /* LaunchScreen.storyboard */; };
		3A18CA431D105C0300EFB8DC /* CloudKit.framework in Frameworks */ = {isa = PBXBuildFile; fileRef = 3A18CA421D105C0300EFB8DC /* CloudKit.framework */; };
		3A18CA451D105D0F00EFB8DC /* titanium_mobile.png in Resources */ = {isa = PBXBuildFile; fileRef = 3A18CA441D105D0F00EFB8DC /* titanium_mobile.png */; };
/* End PBXBuildFile section */

/* Begin PBXFileReference section */
		3A18CA2B1D10596300EFB8DC /* CloudSharingExample.app */ = {isa = PBXFileReference; explicitFileType = wrapper.application; includeInIndex = 0; path = CloudSharingExample.app; sourceTree = BUILT_PRODUCTS_DIR; };
		3A18CA2E1D10596400EFB8DC /* AppDelegate.swift */ = {isa = PBXFileReference; lastKnownFileType = sourcecode.swift; path = AppDelegate.swift; sourceTree = "<group>"; };
		3A18CA301D10596400EFB8DC /* ViewController.swift */ = {isa = PBXFileReference; lastKnownFileType = sourcecode.swift; path = ViewController.swift; sourceTree = "<group>"; };
		3A18CA331D10596400EFB8DC /* Base */ = {isa = PBXFileReference; lastKnownFileType = file.storyboard; name = Base; path = Base.lproj/Main.storyboard; sourceTree = "<group>"; };
		3A18CA351D10596400EFB8DC /* Assets.xcassets */ = {isa = PBXFileReference; lastKnownFileType = folder.assetcatalog; path = Assets.xcassets; sourceTree = "<group>"; };
		3A18CA381D10596400EFB8DC /* Base */ = {isa = PBXFileReference; lastKnownFileType = file.storyboard; name = Base; path = Base.lproj/LaunchScreen.storyboard; sourceTree = "<group>"; };
		3A18CA3A1D10596400EFB8DC /* Info.plist */ = {isa = PBXFileReference; lastKnownFileType = text.plist.xml; path = Info.plist; sourceTree = "<group>"; };
		3A18CA401D105BF700EFB8DC /* CloudSharingExample.entitlements */ = {isa = PBXFileReference; lastKnownFileType = text.xml; path = CloudSharingExample.entitlements; sourceTree = "<group>"; };
		3A18CA421D105C0300EFB8DC /* CloudKit.framework */ = {isa = PBXFileReference; lastKnownFileType = wrapper.framework; name = CloudKit.framework; path = System/Library/Frameworks/CloudKit.framework; sourceTree = SDKROOT; };
		3A18CA441D105D0F00EFB8DC /* titanium_mobile.png */ = {isa = PBXFileReference; lastKnownFileType = image.png; path = titanium_mobile.png; sourceTree = "<group>"; };
/* End PBXFileReference section */

/* Begin PBXFrameworksBuildPhase section */
		3A18CA281D10596300EFB8DC /* Frameworks */ = {
			isa = PBXFrameworksBuildPhase;
			buildActionMask = 2147483647;
			files = (
				3A18CA431D105C0300EFB8DC /* CloudKit.framework in Frameworks */,
			);
			runOnlyForDeploymentPostprocessing = 0;
		};
/* End PBXFrameworksBuildPhase section */

/* Begin PBXGroup section */
		3A18CA221D10596300EFB8DC = {
			isa = PBXGroup;
			children = (
				3A18CA2D1D10596300EFB8DC /* CloudSharingExample */,
				3A18CA2C1D10596300EFB8DC /* Products */,
				3A18CA411D105C0300EFB8DC /* Frameworks */,
			);
			sourceTree = "<group>";
		};
		3A18CA2C1D10596300EFB8DC /* Products */ = {
			isa = PBXGroup;
			children = (
				3A18CA2B1D10596300EFB8DC /* CloudSharingExample.app */,
			);
			name = Products;
			sourceTree = "<group>";
		};
		3A18CA2D1D10596300EFB8DC /* CloudSharingExample */ = {
			isa = PBXGroup;
			children = (
				3A18CA461D105D1600EFB8DC /* Resources */,
				3A18CA2E1D10596400EFB8DC /* AppDelegate.swift */,
				3A18CA301D10596400EFB8DC /* ViewController.swift */,
				3A18CA351D10596400EFB8DC /* Assets.xcassets */,
				3A18CA3A1D10596400EFB8DC /* Info.plist */,
			);
			path = CloudSharingExample;
			sourceTree = "<group>";
		};
		3A18CA411D105C0300EFB8DC /* Frameworks */ = {
			isa = PBXGroup;
			children = (
				3A18CA421D105C0300EFB8DC /* CloudKit.framework */,
			);
			name = Frameworks;
			sourceTree = "<group>";
		};
		3A18CA461D105D1600EFB8DC /* Resources */ = {
			isa = PBXGroup;
			children = (
				3A18CA401D105BF700EFB8DC /* CloudSharingExample.entitlements */,
				3A18CA321D10596400EFB8DC /* Main.storyboard */,
				3A18CA441D105D0F00EFB8DC /* titanium_mobile.png */,
				3A18CA371D10596400EFB8DC /* LaunchScreen.storyboard */,
			);
			name = Resources;
			sourceTree = "<group>";
		};
/* End PBXGroup section */

/* Begin PBXNativeTarget section */
		3A18CA2A1D10596300EFB8DC /* CloudSharingExample */ = {
			isa = PBXNativeTarget;
			buildConfigurationList = 3A18CA3D1D10596400EFB8DC /* Build configuration list for PBXNativeTarget "CloudSharingExample" */;
			buildPhases = (
				3A18CA271D10596300EFB8DC /* Sources */,
				3A18CA281D10596300EFB8DC /* Frameworks */,
				3A18CA291D10596300EFB8DC /* Resources */,
			);
			buildRules = (
			);
			dependencies = (
			);
			name = CloudSharingExample;
			productName = CloudSharingExample;
			productReference = 3A18CA2B1D10596300EFB8DC /* CloudSharingExample.app */;
			productType = "com.apple.product-type.application";
		};
/* End PBXNativeTarget section */

/* Begin PBXProject section */
		3A18CA231D10596300EFB8DC /* Project object */ = {
			isa = PBXProject;
			attributes = {
				LastSwiftUpdateCheck = 0800;
				LastUpgradeCheck = 0800;
				ORGANIZATIONNAME = Appcelerator;
				TargetAttributes = {
					3A18CA2A1D10596300EFB8DC = {
						CreatedOnToolsVersion = 8.0;
						DevelopmentTeam = 6K4KHD4NQF;
						DevelopmentTeamName = "Hans Knoechel";
						ProvisioningStyle = Automatic;
						SystemCapabilities = {
							com.apple.iCloud = {
								enabled = 1;
							};
						};
					};
				};
			};
			buildConfigurationList = 3A18CA261D10596300EFB8DC /* Build configuration list for PBXProject "CloudSharingExample" */;
			compatibilityVersion = "Xcode 3.2";
			developmentRegion = English;
			hasScannedForEncodings = 0;
			knownRegions = (
				en,
				Base,
			);
			mainGroup = 3A18CA221D10596300EFB8DC;
			productRefGroup = 3A18CA2C1D10596300EFB8DC /* Products */;
			projectDirPath = "";
			projectRoot = "";
			targets = (
				3A18CA2A1D10596300EFB8DC /* CloudSharingExample */,
			);
		};
/* End PBXProject section */

/* Begin PBXResourcesBuildPhase section */
		3A18CA291D10596300EFB8DC /* Resources */ = {
			isa = PBXResourcesBuildPhase;
			buildActionMask = 2147483647;
			files = (
				3A18CA451D105D0F00EFB8DC /* titanium_mobile.png in Resources */,
				3A18CA391D10596400EFB8DC /* LaunchScreen.storyboard in Resources */,
				3A18CA361D10596400EFB8DC /* Assets.xcassets in Resources */,
				3A18CA341D10596400EFB8DC /* Main.storyboard in Resources */,
			);
			runOnlyForDeploymentPostprocessing = 0;
		};
/* End PBXResourcesBuildPhase section */

/* Begin PBXSourcesBuildPhase section */
		3A18CA271D10596300EFB8DC /* Sources */ = {
			isa = PBXSourcesBuildPhase;
			buildActionMask = 2147483647;
			files = (
				3A18CA311D10596400EFB8DC /* ViewController.swift in Sources */,
				3A18CA2F1D10596400EFB8DC /* AppDelegate.swift in Sources */,
			);
			runOnlyForDeploymentPostprocessing = 0;
		};
/* End PBXSourcesBuildPhase section */

/* Begin PBXVariantGroup section */
		3A18CA321D10596400EFB8DC /* Main.storyboard */ = {
			isa = PBXVariantGroup;
			children = (
				3A18CA331D10596400EFB8DC /* Base */,
			);
			name = Main.storyboard;
			sourceTree = "<group>";
		};
		3A18CA371D10596400EFB8DC /* LaunchScreen.storyboard */ = {
			isa = PBXVariantGroup;
			children = (
				3A18CA381D10596400EFB8DC /* Base */,
			);
			name = LaunchScreen.storyboard;
			sourceTree = "<group>";
		};
/* End PBXVariantGroup section */

/* Begin XCBuildConfiguration section */
		3A18CA3B1D10596400EFB8DC /* Debug */ = {
			isa = XCBuildConfiguration;
			buildSettings = {
				ALWAYS_SEARCH_USER_PATHS = NO;
				CLANG_ANALYZER_NONNULL = YES;
				CLANG_CXX_LANGUAGE_STANDARD = "gnu++0x";
				CLANG_CXX_LIBRARY = "libc++";
				CLANG_ENABLE_MODULES = YES;
				CLANG_ENABLE_OBJC_ARC = YES;
				CLANG_WARN_BOOL_CONVERSION = YES;
				CLANG_WARN_CONSTANT_CONVERSION = YES;
				CLANG_WARN_DIRECT_OBJC_ISA_USAGE = YES_ERROR;
				CLANG_WARN_DOCUMENTATION_COMMENTS = YES;
				CLANG_WARN_EMPTY_BODY = YES;
				CLANG_WARN_ENUM_CONVERSION = YES;
				CLANG_WARN_INT_CONVERSION = YES;
				CLANG_WARN_OBJC_ROOT_CLASS = YES_ERROR;
				CLANG_WARN_UNREACHABLE_CODE = YES;
				CLANG_WARN__DUPLICATE_METHOD_MATCH = YES;
				"CODE_SIGN_IDENTITY[sdk=iphoneos*]" = "iPhone Developer";
				COPY_PHASE_STRIP = NO;
				DEBUG_INFORMATION_FORMAT = dwarf;
				ENABLE_STRICT_OBJC_MSGSEND = YES;
				ENABLE_TESTABILITY = YES;
				GCC_C_LANGUAGE_STANDARD = gnu99;
				GCC_DYNAMIC_NO_PIC = NO;
				GCC_NO_COMMON_BLOCKS = YES;
				GCC_OPTIMIZATION_LEVEL = 0;
				GCC_PREPROCESSOR_DEFINITIONS = (
					"DEBUG=1",
					"$(inherited)",
				);
				GCC_WARN_64_TO_32_BIT_CONVERSION = YES;
				GCC_WARN_ABOUT_RETURN_TYPE = YES_ERROR;
				GCC_WARN_UNDECLARED_SELECTOR = YES;
				GCC_WARN_UNINITIALIZED_AUTOS = YES_AGGRESSIVE;
				GCC_WARN_UNUSED_FUNCTION = YES;
				GCC_WARN_UNUSED_VARIABLE = YES;
				IPHONEOS_DEPLOYMENT_TARGET = 10.0;
				MTL_ENABLE_DEBUG_INFO = YES;
				ONLY_ACTIVE_ARCH = YES;
				SDKROOT = iphoneos;
				SWIFT_ACTIVE_COMPILATION_CONDITIONS = DEBUG;
				SWIFT_OPTIMIZATION_LEVEL = "-Onone";
				TARGETED_DEVICE_FAMILY = "1,2";
			};
			name = Debug;
		};
		3A18CA3C1D10596400EFB8DC /* Release */ = {
			isa = XCBuildConfiguration;
			buildSettings = {
				ALWAYS_SEARCH_USER_PATHS = NO;
				CLANG_ANALYZER_NONNULL = YES;
				CLANG_CXX_LANGUAGE_STANDARD = "gnu++0x";
				CLANG_CXX_LIBRARY = "libc++";
				CLANG_ENABLE_MODULES = YES;
				CLANG_ENABLE_OBJC_ARC = YES;
				CLANG_WARN_BOOL_CONVERSION = YES;
				CLANG_WARN_CONSTANT_CONVERSION = YES;
				CLANG_WARN_DIRECT_OBJC_ISA_USAGE = YES_ERROR;
				CLANG_WARN_DOCUMENTATION_COMMENTS = YES;
				CLANG_WARN_EMPTY_BODY = YES;
				CLANG_WARN_ENUM_CONVERSION = YES;
				CLANG_WARN_INT_CONVERSION = YES;
				CLANG_WARN_OBJC_ROOT_CLASS = YES_ERROR;
				CLANG_WARN_UNREACHABLE_CODE = YES;
				CLANG_WARN__DUPLICATE_METHOD_MATCH = YES;
				"CODE_SIGN_IDENTITY[sdk=iphoneos*]" = "iPhone Developer";
				COPY_PHASE_STRIP = NO;
				DEBUG_INFORMATION_FORMAT = "dwarf-with-dsym";
				ENABLE_NS_ASSERTIONS = NO;
				ENABLE_STRICT_OBJC_MSGSEND = YES;
				GCC_C_LANGUAGE_STANDARD = gnu99;
				GCC_NO_COMMON_BLOCKS = YES;
				GCC_WARN_64_TO_32_BIT_CONVERSION = YES;
				GCC_WARN_ABOUT_RETURN_TYPE = YES_ERROR;
				GCC_WARN_UNDECLARED_SELECTOR = YES;
				GCC_WARN_UNINITIALIZED_AUTOS = YES_AGGRESSIVE;
				GCC_WARN_UNUSED_FUNCTION = YES;
				GCC_WARN_UNUSED_VARIABLE = YES;
				IPHONEOS_DEPLOYMENT_TARGET = 10.0;
				MTL_ENABLE_DEBUG_INFO = NO;
				SDKROOT = iphoneos;
				SWIFT_OPTIMIZATION_LEVEL = "-Owholemodule";
				TARGETED_DEVICE_FAMILY = "1,2";
				VALIDATE_PRODUCT = YES;
			};
			name = Release;
		};
		3A18CA3E1D10596400EFB8DC /* Debug */ = {
			isa = XCBuildConfiguration;
			buildSettings = {
				ASSETCATALOG_COMPILER_APPICON_NAME = AppIcon;
				CODE_SIGN_ENTITLEMENTS = CloudSharingExample/CloudSharingExample.entitlements;
				INFOPLIST_FILE = CloudSharingExample/Info.plist;
				LD_RUNPATH_SEARCH_PATHS = "$(inherited) @executable_path/Frameworks";
				PRODUCT_BUNDLE_IDENTIFIER = com.appcelerator.CloudSharingExample;
				PRODUCT_NAME = "$(TARGET_NAME)";
				SWIFT_VERSION = 3.0;
			};
			name = Debug;
		};
		3A18CA3F1D10596400EFB8DC /* Release */ = {
			isa = XCBuildConfiguration;
			buildSettings = {
				ASSETCATALOG_COMPILER_APPICON_NAME = AppIcon;
				CODE_SIGN_ENTITLEMENTS = CloudSharingExample/CloudSharingExample.entitlements;
				INFOPLIST_FILE = CloudSharingExample/Info.plist;
				LD_RUNPATH_SEARCH_PATHS = "$(inherited) @executable_path/Frameworks";
				PRODUCT_BUNDLE_IDENTIFIER = com.appcelerator.CloudSharingExample;
				PRODUCT_NAME = "$(TARGET_NAME)";
				SWIFT_VERSION = 3.0;
			};
			name = Release;
		};
/* End XCBuildConfiguration section */

/* Begin XCConfigurationList section */
		3A18CA261D10596300EFB8DC /* Build configuration list for PBXProject "CloudSharingExample" */ = {
			isa = XCConfigurationList;
			buildConfigurations = (
				3A18CA3B1D10596400EFB8DC /* Debug */,
				3A18CA3C1D10596400EFB8DC /* Release */,
			);
			defaultConfigurationIsVisible = 0;
			defaultConfigurationName = Release;
		};
		3A18CA3D1D10596400EFB8DC /* Build configuration list for PBXNativeTarget "CloudSharingExample" */ = {
			isa = XCConfigurationList;
			buildConfigurations = (
				3A18CA3E1D10596400EFB8DC /* Debug */,
				3A18CA3F1D10596400EFB8DC /* Release */,
			);
			defaultConfigurationIsVisible = 0;
		};
/* End XCConfigurationList section */
	};
	rootObject = 3A18CA231D10596300EFB8DC /* Project object */;
}
